{
  "name": "adhan-demo",
  "version": "1.0.0",
  "lockfileVersion": 3,
  "requires": true,
  "packages": {
    "": {
      "name": "adhan-demo",
      "version": "1.0.0",
      "license": "MIT",
      "dependencies": {
        "adhan": "^4.4.3",
        "moment-timezone": "^0.5.45"
      }
    },
    "node_modules/adhan": {
      "version": "4.4.3",
      "resolved": "https://smbuild.jfrog.io/artifactory/api/npm/siteminder-npm/adhan/-/adhan-4.4.3.tgz",
      "integrity": "sha512-568KkQd8OMLUj7o7+d2FDcm6vZHWQrE7vsm/Evssh8sfUDpPyaboj3PVsScZAr7L7sNRgPrtLMmDZZfM7VeAYw=="
    },
    "node_modules/moment": {
      "version": "2.30.1",
      "resolved": "https://smbuild.jfrog.io/artifactory/api/npm/siteminder-npm/moment/-/moment-2.30.1.tgz",
      "integrity": "sha512-uEmtNhbDOrWPFS+hdjFCBfy9f2YoyzRpwcl+DqpC6taX21FzsTLQVbMV/W7PzNSX6x/bhC1zA3c2UQ5NzH6how==",
      "engines": {
        "node": "*"
      }
    },
    "node_modules/moment-timezone": {
      "version": "0.5.45",
      "resolved": "https://smbuild.jfrog.io/artifactory/api/npm/siteminder-npm/moment-timezone/-/moment-timezone-0.5.45.tgz",
      "integrity": "sha512-HIWmqA86KcmCAhnMAN0wuDOARV/525R2+lOLotuGFzn4HO+FH+/645z2wx0Dt3iDv6/p61SIvKnDstISainhLQ==",
      "dependencies": {
        "moment": "^2.29.4"
      },
      "engines": {
        "node": "*"
      }
    }
  }
}
